
Microsoft Visual Studio Solution File, Format Version 12.00
# Visual Studio Version 16
VisualStudioVersion = 16.0.33927.289
MinimumVisualStudioVersion = 15.0.26124.0
Project("{2150E333-8FDC-42A3-9474-1A3956D46DE8}") = "domain", "domain", "{F623B750-D34F-463C-8DED-940C5663281F}"
EndProject
Project("{9A19103F-16F7-4668-BE54-9A1E7A4F7556}") = "AvSBookStore", "domain\AvSBookStore\AvSBookStore.csproj", "{FCE86F22-DE3D-410D-B46E-FBF03F82E2E9}"
EndProject
Project("{2150E333-8FDC-42A3-9474-1A3956D46DE8}") = "infrastructure", "infrastructure", "{12983C4C-9E63-419D-ADB6-E3E6C9834AB8}"
EndProject
Project("{FAE04EC0-301F-11D3-BF4B-00C04F79EFBC}") = "AvSBookStore.Memory", "infrastructure\AvSBookStore.Memory\AvSBookStore.Memory.csproj", "{BB395CF5-A416-4948-8C14-96F1245F00E4}"
EndProject
Project("{2150E333-8FDC-42A3-9474-1A3956D46DE8}") = "presentation", "presentation", "{1FBD4C45-CDC4-4143-AF3C-65228316E9CA}"
EndProject
Project("{9A19103F-16F7-4668-BE54-9A1E7A4F7556}") = "AvSBookStore.Web", "presentation\AvSBookStore.Web\AvSBookStore.Web.csproj", "{BD597C7E-67DE-49A0-BFC3-D674D18463EF}"
EndProject
Project("{9A19103F-16F7-4668-BE54-9A1E7A4F7556}") = "AvSBookStore.Tests", "domain\AvSBookStore.Tests\AvSBookStore.Tests.csproj", "{2609A9DF-8068-42CC-A683-12F4E3C3E423}"
EndProject
Project("{FAE04EC0-301F-11D3-BF4B-00C04F79EFBC}") = "AvSBookStore.Web.Contractors", "presentation\AvSBookStore.Web.Contractors\AvSBookStore.Web.Contractors.csproj", "{3587D936-DCE9-4456-8C13-5F3D202E1571}"
EndProject
Project("{2150E333-8FDC-42A3-9474-1A3956D46DE8}") = "plugins", "plugins", "{6DC19AD7-ECC4-453D-BF26-FB4D87DBFCB6}"
EndProject
Project("{FAE04EC0-301F-11D3-BF4B-00C04F79EFBC}") = "AvSBookStore.YandexKassa", "plugins\AvSBookStore.YandexKassa\AvSBookStore.YandexKassa.csproj", "{099CC41D-CCBC-4A91-9D42-D05569E91A00}"
EndProject
Global
	GlobalSection(SolutionConfigurationPlatforms) = preSolution
		Debug|Any CPU = Debug|Any CPU
		Debug|x64 = Debug|x64
		Debug|x86 = Debug|x86
		Release|Any CPU = Release|Any CPU
		Release|x64 = Release|x64
		Release|x86 = Release|x86
	EndGlobalSection
	GlobalSection(ProjectConfigurationPlatforms) = postSolution
		{FCE86F22-DE3D-410D-B46E-FBF03F82E2E9}.Debug|Any CPU.ActiveCfg = Debug|Any CPU
		{FCE86F22-DE3D-410D-B46E-FBF03F82E2E9}.Debug|Any CPU.Build.0 = Debug|Any CPU
		{FCE86F22-DE3D-410D-B46E-FBF03F82E2E9}.Debug|x64.ActiveCfg = Debug|Any CPU
		{FCE86F22-DE3D-410D-B46E-FBF03F82E2E9}.Debug|x64.Build.0 = Debug|Any CPU
		{FCE86F22-DE3D-410D-B46E-FBF03F82E2E9}.Debug|x86.ActiveCfg = Debug|Any CPU
		{FCE86F22-DE3D-410D-B46E-FBF03F82E2E9}.Debug|x86.Build.0 = Debug|Any CPU
		{FCE86F22-DE3D-410D-B46E-FBF03F82E2E9}.Release|Any CPU.ActiveCfg = Release|Any CPU
		{FCE86F22-DE3D-410D-B46E-FBF03F82E2E9}.Release|Any CPU.Build.0 = Release|Any CPU
		{FCE86F22-DE3D-410D-B46E-FBF03F82E2E9}.Release|x64.ActiveCfg = Release|Any CPU
		{FCE86F22-DE3D-410D-B46E-FBF03F82E2E9}.Release|x64.Build.0 = Release|Any CPU
		{FCE86F22-DE3D-410D-B46E-FBF03F82E2E9}.Release|x86.ActiveCfg = Release|Any CPU
		{FCE86F22-DE3D-410D-B46E-FBF03F82E2E9}.Release|x86.Build.0 = Release|Any CPU
		{BB395CF5-A416-4948-8C14-96F1245F00E4}.Debug|Any CPU.ActiveCfg = Debug|Any CPU
		{BB395CF5-A416-4948-8C14-96F1245F00E4}.Debug|Any CPU.Build.0 = Debug|Any CPU
		{BB395CF5-A416-4948-8C14-96F1245F00E4}.Debug|x64.ActiveCfg = Debug|Any CPU
		{BB395CF5-A416-4948-8C14-96F1245F00E4}.Debug|x64.Build.0 = Debug|Any CPU
		{BB395CF5-A416-4948-8C14-96F1245F00E4}.Debug|x86.ActiveCfg = Debug|Any CPU
		{BB395CF5-A416-4948-8C14-96F1245F00E4}.Debug|x86.Build.0 = Debug|Any CPU
		{BB395CF5-A416-4948-8C14-96F1245F00E4}.Release|Any CPU.ActiveCfg = Release|Any CPU
		{BB395CF5-A416-4948-8C14-96F1245F00E4}.Release|Any CPU.Build.0 = Release|Any CPU
		{BB395CF5-A416-4948-8C14-96F1245F00E4}.Release|x64.ActiveCfg = Release|Any CPU
		{BB395CF5-A416-4948-8C14-96F1245F00E4}.Release|x64.Build.0 = Release|Any CPU
		{BB395CF5-A416-4948-8C14-96F1245F00E4}.Release|x86.ActiveCfg = Release|Any CPU
		{BB395CF5-A416-4948-8C14-96F1245F00E4}.Release|x86.Build.0 = Release|Any CPU
		{BD597C7E-67DE-49A0-BFC3-D674D18463EF}.Debug|Any CPU.ActiveCfg = Debug|Any CPU
		{BD597C7E-67DE-49A0-BFC3-D674D18463EF}.Debug|Any CPU.Build.0 = Debug|Any CPU
		{BD597C7E-67DE-49A0-BFC3-D674D18463EF}.Debug|x64.ActiveCfg = Debug|Any CPU
		{BD597C7E-67DE-49A0-BFC3-D674D18463EF}.Debug|x64.Build.0 = Debug|Any CPU
		{BD597C7E-67DE-49A0-BFC3-D674D18463EF}.Debug|x86.ActiveCfg = Debug|Any CPU
		{BD597C7E-67DE-49A0-BFC3-D674D18463EF}.Debug|x86.Build.0 = Debug|Any CPU
		{BD597C7E-67DE-49A0-BFC3-D674D18463EF}.Release|Any CPU.ActiveCfg = Release|Any CPU
		{BD597C7E-67DE-49A0-BFC3-D674D18463EF}.Release|Any CPU.Build.0 = Release|Any CPU
		{BD597C7E-67DE-49A0-BFC3-D674D18463EF}.Release|x64.ActiveCfg = Release|Any CPU
		{BD597C7E-67DE-49A0-BFC3-D674D18463EF}.Release|x64.Build.0 = Release|Any CPU
		{BD597C7E-67DE-49A0-BFC3-D674D18463EF}.Release|x86.ActiveCfg = Release|Any CPU
		{BD597C7E-67DE-49A0-BFC3-D674D18463EF}.Release|x86.Build.0 = Release|Any CPU
		{2609A9DF-8068-42CC-A683-12F4E3C3E423}.Debug|Any CPU.ActiveCfg = Debug|Any CPU
		{2609A9DF-8068-42CC-A683-12F4E3C3E423}.Debug|Any CPU.Build.0 = Debug|Any CPU
		{2609A9DF-8068-42CC-A683-12F4E3C3E423}.Debug|x64.ActiveCfg = Debug|Any CPU
		{2609A9DF-8068-42CC-A683-12F4E3C3E423}.Debug|x64.Build.0 = Debug|Any CPU
		{2609A9DF-8068-42CC-A683-12F4E3C3E423}.Debug|x86.ActiveCfg = Debug|Any CPU
		{2609A9DF-8068-42CC-A683-12F4E3C3E423}.Debug|x86.Build.0 = Debug|Any CPU
		{2609A9DF-8068-42CC-A683-12F4E3C3E423}.Release|Any CPU.ActiveCfg = Release|Any CPU
		{2609A9DF-8068-42CC-A683-12F4E3C3E423}.Release|Any CPU.Build.0 = Release|Any CPU
		{2609A9DF-8068-42CC-A683-12F4E3C3E423}.Release|x64.ActiveCfg = Release|Any CPU
		{2609A9DF-8068-42CC-A683-12F4E3C3E423}.Release|x64.Build.0 = Release|Any CPU
		{2609A9DF-8068-42CC-A683-12F4E3C3E423}.Release|x86.ActiveCfg = Release|Any CPU
		{2609A9DF-8068-42CC-A683-12F4E3C3E423}.Release|x86.Build.0 = Release|Any CPU
		{3587D936-DCE9-4456-8C13-5F3D202E1571}.Debug|Any CPU.ActiveCfg = Debug|Any CPU
		{3587D936-DCE9-4456-8C13-5F3D202E1571}.Debug|Any CPU.Build.0 = Debug|Any CPU
		{3587D936-DCE9-4456-8C13-5F3D202E1571}.Debug|x64.ActiveCfg = Debug|Any CPU
		{3587D936-DCE9-4456-8C13-5F3D202E1571}.Debug|x64.Build.0 = Debug|Any CPU
		{3587D936-DCE9-4456-8C13-5F3D202E1571}.Debug|x86.ActiveCfg = Debug|Any CPU
		{3587D936-DCE9-4456-8C13-5F3D202E1571}.Debug|x86.Build.0 = Debug|Any CPU
		{3587D936-DCE9-4456-8C13-5F3D202E1571}.Release|Any CPU.ActiveCfg = Release|Any CPU
		{3587D936-DCE9-4456-8C13-5F3D202E1571}.Release|Any CPU.Build.0 = Release|Any CPU
		{3587D936-DCE9-4456-8C13-5F3D202E1571}.Release|x64.ActiveCfg = Release|Any CPU
		{3587D936-DCE9-4456-8C13-5F3D202E1571}.Release|x64.Build.0 = Release|Any CPU
		{3587D936-DCE9-4456-8C13-5F3D202E1571}.Release|x86.ActiveCfg = Release|Any CPU
		{3587D936-DCE9-4456-8C13-5F3D202E1571}.Release|x86.Build.0 = Release|Any CPU
		{099CC41D-CCBC-4A91-9D42-D05569E91A00}.Debug|Any CPU.ActiveCfg = Debug|Any CPU
		{099CC41D-CCBC-4A91-9D42-D05569E91A00}.Debug|Any CPU.Build.0 = Debug|Any CPU
		{099CC41D-CCBC-4A91-9D42-D05569E91A00}.Debug|x64.ActiveCfg = Debug|Any CPU
		{099CC41D-CCBC-4A91-9D42-D05569E91A00}.Debug|x64.Build.0 = Debug|Any CPU
		{099CC41D-CCBC-4A91-9D42-D05569E91A00}.Debug|x86.ActiveCfg = Debug|Any CPU
		{099CC41D-CCBC-4A91-9D42-D05569E91A00}.Debug|x86.Build.0 = Debug|Any CPU
		{099CC41D-CCBC-4A91-9D42-D05569E91A00}.Release|Any CPU.ActiveCfg = Release|Any CPU
		{099CC41D-CCBC-4A91-9D42-D05569E91A00}.Release|Any CPU.Build.0 = Release|Any CPU
		{099CC41D-CCBC-4A91-9D42-D05569E91A00}.Release|x64.ActiveCfg = Release|Any CPU
		{099CC41D-CCBC-4A91-9D42-D05569E91A00}.Release|x64.Build.0 = Release|Any CPU
		{099CC41D-CCBC-4A91-9D42-D05569E91A00}.Release|x86.ActiveCfg = Release|Any CPU
		{099CC41D-CCBC-4A91-9D42-D05569E91A00}.Release|x86.Build.0 = Release|Any CPU
	EndGlobalSection
	GlobalSection(SolutionProperties) = preSolution
		HideSolutionNode = FALSE
	EndGlobalSection
	GlobalSection(NestedProjects) = preSolution
		{FCE86F22-DE3D-410D-B46E-FBF03F82E2E9} = {F623B750-D34F-463C-8DED-940C5663281F}
		{BB395CF5-A416-4948-8C14-96F1245F00E4} = {12983C4C-9E63-419D-ADB6-E3E6C9834AB8}
		{BD597C7E-67DE-49A0-BFC3-D674D18463EF} = {1FBD4C45-CDC4-4143-AF3C-65228316E9CA}
		{2609A9DF-8068-42CC-A683-12F4E3C3E423} = {F623B750-D34F-463C-8DED-940C5663281F}
		{3587D936-DCE9-4456-8C13-5F3D202E1571} = {1FBD4C45-CDC4-4143-AF3C-65228316E9CA}
		{099CC41D-CCBC-4A91-9D42-D05569E91A00} = {6DC19AD7-ECC4-453D-BF26-FB4D87DBFCB6}
	EndGlobalSection
	GlobalSection(ExtensibilityGlobals) = postSolution
		SolutionGuid = {D12CC1F0-AB06-4CB8-AA9A-5DC6B818B12F}
	EndGlobalSection
EndGlobal
