
Microsoft Visual Studio Solution File, Format Version 12.00
# Visual Studio Version 16
VisualStudioVersion = 16.0.33927.289
MinimumVisualStudioVersion = 15.0.26124.0
Project("{2150E333-8FDC-42A3-9474-1A3956D46DE8}") = "domain", "domain", "{F623B750-D34F-463C-8DED-940C5663281F}"
EndProject
Project("{9A19103F-16F7-4668-BE54-9A1E7A4F7556}") = "AvSBookStore", "domain\AvSBookStore\AvSBookStore.csproj", "{FCE86F22-DE3D-410D-B46E-FBF03F82E2E9}"
EndProject
Project("{2150E333-8FDC-42A3-9474-1A3956D46DE8}") = "infrastructure", "infrastructure", "{12983C4C-9E63-419D-ADB6-E3E6C9834AB8}"
EndProject
Project("{2150E333-8FDC-42A3-9474-1A3956D46DE8}") = "presentation", "presentation", "{1FBD4C45-CDC4-4143-AF3C-65228316E9CA}"
EndProject
Project("{9A19103F-16F7-4668-BE54-9A1E7A4F7556}") = "AvSBookStore.Web", "presentation\AvSBookStore.Web\AvSBookStore.Web.csproj", "{BD597C7E-67DE-49A0-BFC3-D674D18463EF}"
EndProject
Project("{9A19103F-16F7-4668-BE54-9A1E7A4F7556}") = "AvSBookStore.Tests", "domain\AvSBookStore.Tests\AvSBookStore.Tests.csproj", "{2609A9DF-8068-42CC-A683-12F4E3C3E423}"
EndProject
Project("{2150E333-8FDC-42A3-9474-1A3956D46DE8}") = "application", "application", "{1825BE00-E943-4F0F-A4B9-72BD1AE371B7}"
EndProject
Project("{9A19103F-16F7-4668-BE54-9A1E7A4F7556}") = "AvSBookStore.Data.EF", "infrastructure\AvSBookStore.Data.EF\AvSBookStore.Data.EF.csproj", "{47F219BB-4F21-4B9F-8162-01AD4A57E29D}"
EndProject
Project("{9A19103F-16F7-4668-BE54-9A1E7A4F7556}") = "AvSBookStore.Web.App", "App\AvSBookStore.Web.App.csproj", "{EBDAEC27-CEAB-4054-8316-E3997E85D181}"
EndProject
Project("{FAE04EC0-301F-11D3-BF4B-00C04F79EFBC}") = "AvSBookStore.Web.Contractors", "AvSBookStore.W\AvSBookStore.Web.Contractors.csproj", "{4CA08FD4-25BD-4932-A982-884FDA3421CF}"
EndProject
Global
	GlobalSection(SolutionConfigurationPlatforms) = preSolution
		Debug|Any CPU = Debug|Any CPU
		Debug|x64 = Debug|x64
		Debug|x86 = Debug|x86
		Release|Any CPU = Release|Any CPU
		Release|x64 = Release|x64
		Release|x86 = Release|x86
	EndGlobalSection
	GlobalSection(ProjectConfigurationPlatforms) = postSolution
		{FCE86F22-DE3D-410D-B46E-FBF03F82E2E9}.Debug|Any CPU.ActiveCfg = Debug|Any CPU
		{FCE86F22-DE3D-410D-B46E-FBF03F82E2E9}.Debug|Any CPU.Build.0 = Debug|Any CPU
		{FCE86F22-DE3D-410D-B46E-FBF03F82E2E9}.Debug|x64.ActiveCfg = Debug|Any CPU
		{FCE86F22-DE3D-410D-B46E-FBF03F82E2E9}.Debug|x64.Build.0 = Debug|Any CPU
		{FCE86F22-DE3D-410D-B46E-FBF03F82E2E9}.Debug|x86.ActiveCfg = Debug|Any CPU
		{FCE86F22-DE3D-410D-B46E-FBF03F82E2E9}.Debug|x86.Build.0 = Debug|Any CPU
		{FCE86F22-DE3D-410D-B46E-FBF03F82E2E9}.Release|Any CPU.ActiveCfg = Release|Any CPU
		{FCE86F22-DE3D-410D-B46E-FBF03F82E2E9}.Release|Any CPU.Build.0 = Release|Any CPU
		{FCE86F22-DE3D-410D-B46E-FBF03F82E2E9}.Release|x64.ActiveCfg = Release|Any CPU
		{FCE86F22-DE3D-410D-B46E-FBF03F82E2E9}.Release|x64.Build.0 = Release|Any CPU
		{FCE86F22-DE3D-410D-B46E-FBF03F82E2E9}.Release|x86.ActiveCfg = Release|Any CPU
		{FCE86F22-DE3D-410D-B46E-FBF03F82E2E9}.Release|x86.Build.0 = Release|Any CPU
		{BD597C7E-67DE-49A0-BFC3-D674D18463EF}.Debug|Any CPU.ActiveCfg = Debug|Any CPU
		{BD597C7E-67DE-49A0-BFC3-D674D18463EF}.Debug|Any CPU.Build.0 = Debug|Any CPU
		{BD597C7E-67DE-49A0-BFC3-D674D18463EF}.Debug|x64.ActiveCfg = Debug|Any CPU
		{BD597C7E-67DE-49A0-BFC3-D674D18463EF}.Debug|x64.Build.0 = Debug|Any CPU
		{BD597C7E-67DE-49A0-BFC3-D674D18463EF}.Debug|x86.ActiveCfg = Debug|Any CPU
		{BD597C7E-67DE-49A0-BFC3-D674D18463EF}.Debug|x86.Build.0 = Debug|Any CPU
		{BD597C7E-67DE-49A0-BFC3-D674D18463EF}.Release|Any CPU.ActiveCfg = Release|Any CPU
		{BD597C7E-67DE-49A0-BFC3-D674D18463EF}.Release|Any CPU.Build.0 = Release|Any CPU
		{BD597C7E-67DE-49A0-BFC3-D674D18463EF}.Release|x64.ActiveCfg = Release|Any CPU
		{BD597C7E-67DE-49A0-BFC3-D674D18463EF}.Release|x64.Build.0 = Release|Any CPU
		{BD597C7E-67DE-49A0-BFC3-D674D18463EF}.Release|x86.ActiveCfg = Release|Any CPU
		{BD597C7E-67DE-49A0-BFC3-D674D18463EF}.Release|x86.Build.0 = Release|Any CPU
		{2609A9DF-8068-42CC-A683-12F4E3C3E423}.Debug|Any CPU.ActiveCfg = Debug|Any CPU
		{2609A9DF-8068-42CC-A683-12F4E3C3E423}.Debug|Any CPU.Build.0 = Debug|Any CPU
		{2609A9DF-8068-42CC-A683-12F4E3C3E423}.Debug|x64.ActiveCfg = Debug|Any CPU
		{2609A9DF-8068-42CC-A683-12F4E3C3E423}.Debug|x64.Build.0 = Debug|Any CPU
		{2609A9DF-8068-42CC-A683-12F4E3C3E423}.Debug|x86.ActiveCfg = Debug|Any CPU
		{2609A9DF-8068-42CC-A683-12F4E3C3E423}.Debug|x86.Build.0 = Debug|Any CPU
		{2609A9DF-8068-42CC-A683-12F4E3C3E423}.Release|Any CPU.ActiveCfg = Release|Any CPU
		{2609A9DF-8068-42CC-A683-12F4E3C3E423}.Release|Any CPU.Build.0 = Release|Any CPU
		{2609A9DF-8068-42CC-A683-12F4E3C3E423}.Release|x64.ActiveCfg = Release|Any CPU
		{2609A9DF-8068-42CC-A683-12F4E3C3E423}.Release|x64.Build.0 = Release|Any CPU
		{2609A9DF-8068-42CC-A683-12F4E3C3E423}.Release|x86.ActiveCfg = Release|Any CPU
		{2609A9DF-8068-42CC-A683-12F4E3C3E423}.Release|x86.Build.0 = Release|Any CPU
		{47F219BB-4F21-4B9F-8162-01AD4A57E29D}.Debug|Any CPU.ActiveCfg = Debug|Any CPU
		{47F219BB-4F21-4B9F-8162-01AD4A57E29D}.Debug|Any CPU.Build.0 = Debug|Any CPU
		{47F219BB-4F21-4B9F-8162-01AD4A57E29D}.Debug|x64.ActiveCfg = Debug|Any CPU
		{47F219BB-4F21-4B9F-8162-01AD4A57E29D}.Debug|x64.Build.0 = Debug|Any CPU
		{47F219BB-4F21-4B9F-8162-01AD4A57E29D}.Debug|x86.ActiveCfg = Debug|Any CPU
		{47F219BB-4F21-4B9F-8162-01AD4A57E29D}.Debug|x86.Build.0 = Debug|Any CPU
		{47F219BB-4F21-4B9F-8162-01AD4A57E29D}.Release|Any CPU.ActiveCfg = Release|Any CPU
		{47F219BB-4F21-4B9F-8162-01AD4A57E29D}.Release|Any CPU.Build.0 = Release|Any CPU
		{47F219BB-4F21-4B9F-8162-01AD4A57E29D}.Release|x64.ActiveCfg = Release|Any CPU
		{47F219BB-4F21-4B9F-8162-01AD4A57E29D}.Release|x64.Build.0 = Release|Any CPU
		{47F219BB-4F21-4B9F-8162-01AD4A57E29D}.Release|x86.ActiveCfg = Release|Any CPU
		{47F219BB-4F21-4B9F-8162-01AD4A57E29D}.Release|x86.Build.0 = Release|Any CPU
		{EBDAEC27-CEAB-4054-8316-E3997E85D181}.Debug|Any CPU.ActiveCfg = Debug|Any CPU
		{EBDAEC27-CEAB-4054-8316-E3997E85D181}.Debug|Any CPU.Build.0 = Debug|Any CPU
		{EBDAEC27-CEAB-4054-8316-E3997E85D181}.Debug|x64.ActiveCfg = Debug|Any CPU
		{EBDAEC27-CEAB-4054-8316-E3997E85D181}.Debug|x64.Build.0 = Debug|Any CPU
		{EBDAEC27-CEAB-4054-8316-E3997E85D181}.Debug|x86.ActiveCfg = Debug|Any CPU
		{EBDAEC27-CEAB-4054-8316-E3997E85D181}.Debug|x86.Build.0 = Debug|Any CPU
		{EBDAEC27-CEAB-4054-8316-E3997E85D181}.Release|Any CPU.ActiveCfg = Release|Any CPU
		{EBDAEC27-CEAB-4054-8316-E3997E85D181}.Release|Any CPU.Build.0 = Release|Any CPU
		{EBDAEC27-CEAB-4054-8316-E3997E85D181}.Release|x64.ActiveCfg = Release|Any CPU
		{EBDAEC27-CEAB-4054-8316-E3997E85D181}.Release|x64.Build.0 = Release|Any CPU
		{EBDAEC27-CEAB-4054-8316-E3997E85D181}.Release|x86.ActiveCfg = Release|Any CPU
		{EBDAEC27-CEAB-4054-8316-E3997E85D181}.Release|x86.Build.0 = Release|Any CPU
		{4CA08FD4-25BD-4932-A982-884FDA3421CF}.Debug|Any CPU.ActiveCfg = Debug|Any CPU
		{4CA08FD4-25BD-4932-A982-884FDA3421CF}.Debug|Any CPU.Build.0 = Debug|Any CPU
		{4CA08FD4-25BD-4932-A982-884FDA3421CF}.Debug|x64.ActiveCfg = Debug|Any CPU
		{4CA08FD4-25BD-4932-A982-884FDA3421CF}.Debug|x64.Build.0 = Debug|Any CPU
		{4CA08FD4-25BD-4932-A982-884FDA3421CF}.Debug|x86.ActiveCfg = Debug|Any CPU
		{4CA08FD4-25BD-4932-A982-884FDA3421CF}.Debug|x86.Build.0 = Debug|Any CPU
		{4CA08FD4-25BD-4932-A982-884FDA3421CF}.Release|Any CPU.ActiveCfg = Release|Any CPU
		{4CA08FD4-25BD-4932-A982-884FDA3421CF}.Release|Any CPU.Build.0 = Release|Any CPU
		{4CA08FD4-25BD-4932-A982-884FDA3421CF}.Release|x64.ActiveCfg = Release|Any CPU
		{4CA08FD4-25BD-4932-A982-884FDA3421CF}.Release|x64.Build.0 = Release|Any CPU
		{4CA08FD4-25BD-4932-A982-884FDA3421CF}.Release|x86.ActiveCfg = Release|Any CPU
		{4CA08FD4-25BD-4932-A982-884FDA3421CF}.Release|x86.Build.0 = Release|Any CPU
	EndGlobalSection
	GlobalSection(SolutionProperties) = preSolution
		HideSolutionNode = FALSE
	EndGlobalSection
	GlobalSection(NestedProjects) = preSolution
		{FCE86F22-DE3D-410D-B46E-FBF03F82E2E9} = {F623B750-D34F-463C-8DED-940C5663281F}
		{BD597C7E-67DE-49A0-BFC3-D674D18463EF} = {1FBD4C45-CDC4-4143-AF3C-65228316E9CA}
		{2609A9DF-8068-42CC-A683-12F4E3C3E423} = {F623B750-D34F-463C-8DED-940C5663281F}
		{47F219BB-4F21-4B9F-8162-01AD4A57E29D} = {12983C4C-9E63-419D-ADB6-E3E6C9834AB8}
		{EBDAEC27-CEAB-4054-8316-E3997E85D181} = {1825BE00-E943-4F0F-A4B9-72BD1AE371B7}
		{4CA08FD4-25BD-4932-A982-884FDA3421CF} = {1FBD4C45-CDC4-4143-AF3C-65228316E9CA}
	EndGlobalSection
	GlobalSection(ExtensibilityGlobals) = postSolution
		SolutionGuid = {D12CC1F0-AB06-4CB8-AA9A-5DC6B818B12F}
	EndGlobalSection
EndGlobal
